Microsoft Visual Studio Solution File, Format Version 11.00
# Visual Studio 2010
Project("{E097FAD1-6243-4DAD-9C02-E9B9EFC3FFC1}") = "Assembly-CSharp", "Assembly-CSharp.csproj", "{2FADECB5-AA3D-D9AE-4BF7-20326F915D09}"
EndProject
Project("{E097FAD1-6243-4DAD-9C02-E9B9EFC3FFC1}") = "Assembly-CSharp-Editor-firstpass", "Assembly-CSharp-Editor-firstpass.csproj", "{0A33F5CE-CE9E-C195-48BE-D079AAB06A96}"
EndProject
Global
	GlobalSection(SolutionConfigurationPlatforms) = preSolution
		Debug|Any CPU = Debug|Any CPU
		Release|Any CPU = Release|Any CPU
	EndGlobalSection
	GlobalSection(ProjectConfigurationPlatforms) = postSolution
		{2FADECB5-AA3D-D9AE-4BF7-20326F915D09}.Debug|Any CPU.ActiveCfg = Debug|Any CPU
		{2FADECB5-AA3D-D9AE-4BF7-20326F915D09}.Debug|Any CPU.Build.0 = Debug|Any CPU
		{2FADECB5-AA3D-D9AE-4BF7-20326F915D09}.Release|Any CPU.ActiveCfg = Release|Any CPU
		{2FADECB5-AA3D-D9AE-4BF7-20326F915D09}.Release|Any CPU.Build.0 = Release|Any CPU
		{0A33F5CE-CE9E-C195-48BE-D079AAB06A96}.Debug|Any CPU.ActiveCfg = Debug|Any CPU
		{0A33F5CE-CE9E-C195-48BE-D079AAB06A96}.Debug|Any CPU.Build.0 = Debug|Any CPU
		{0A33F5CE-CE9E-C195-48BE-D079AAB06A96}.Release|Any CPU.ActiveCfg = Release|Any CPU
		{0A33F5CE-CE9E-C195-48BE-D079AAB06A96}.Release|Any CPU.Build.0 = Release|Any CPU
	EndGlobalSection
	GlobalSection(SolutionProperties) = preSolution
		HideSolutionNode = FALSE
	EndGlobalSection
	GlobalSection(MonoDevelopProperties) = preSolution
		StartupItem = Assembly-CSharp.csproj
	EndGlobalSection
EndGlobal
